
Microsoft Visual Studio Solution File, Format Version 12.00
# Visual Studio Version 16
VisualStudioVersion = 16.0.31829.152
MinimumVisualStudioVersion = 10.0.40219.1
Project("{FAE04EC0-301F-11D3-BF4B-00C04F79EFBC}") = "Q5", "Q5\Q5.csproj", "{C178439F-A0A2-4278-8F83-67B288C79D1B}"
EndProject
Global
	GlobalSection(SolutionConfigurationPlatforms) = preSolution
		Debug|Any CPU = Debug|Any CPU
		Release|Any CPU = Release|Any CPU
	EndGlobalSection
	GlobalSection(ProjectConfigurationPlatforms) = postSolution
		{C178439F-A0A2-4278-8F83-67B288C79D1B}.Debug|Any CPU.ActiveCfg = Debug|Any CPU
		{C178439F-A0A2-4278-8F83-67B288C79D1B}.Debug|Any CPU.Build.0 = Debug|Any CPU
		{C178439F-A0A2-4278-8F83-67B288C79D1B}.Release|Any CPU.ActiveCfg = Release|Any CPU
		{C178439F-A0A2-4278-8F83-67B288C79D1B}.Release|Any CPU.Build.0 = Release|Any CPU
	EndGlobalSection
	GlobalSection(SolutionProperties) = preSolution
		HideSolutionNode = FALSE
	EndGlobalSection
	GlobalSection(ExtensibilityGlobals) = postSolution
		SolutionGuid = {F849AF27-7496-49DB-B4EC-0338968D7AA9}
	EndGlobalSection
EndGlobal
